
Microsoft Visual Studio Solution File, Format Version 12.00
# Visual Studio 15
VisualStudioVersion = 15.0.28010.2041
MinimumVisualStudioVersion = 10.0.40219.1
Project("{FAE04EC0-301F-11D3-BF4B-00C04F79EFBC}") = "GigHub", "GigHub\GigHub.csproj", "{0E088A9F-1F2E-400E-94B1-C20DC964AD3D}"
EndProject
Global
	GlobalSection(SolutionConfigurationPlatforms) = preSolution
		Debug|Any CPU = Debug|Any CPU
		Release|Any CPU = Release|Any CPU
	EndGlobalSection
	GlobalSection(ProjectConfigurationPlatforms) = postSolution
		{0E088A9F-1F2E-400E-94B1-C20DC964AD3D}.Debug|Any CPU.ActiveCfg = Debug|Any CPU
		{0E088A9F-1F2E-400E-94B1-C20DC964AD3D}.Debug|Any CPU.Build.0 = Debug|Any CPU
		{0E088A9F-1F2E-400E-94B1-C20DC964AD3D}.Release|Any CPU.ActiveCfg = Release|Any CPU
		{0E088A9F-1F2E-400E-94B1-C20DC964AD3D}.Release|Any CPU.Build.0 = Release|Any CPU
	EndGlobalSection
	GlobalSection(SolutionProperties) = preSolution
		HideSolutionNode = FALSE
	EndGlobalSection
	GlobalSection(ExtensibilityGlobals) = postSolution
		SolutionGuid = {2D767A19-FBB7-40BC-AFBA-948FB3C59A41}
	EndGlobalSection
EndGlobal
